
Microsoft Visual Studio Solution File, Format Version 12.00
# Visual Studio Version 17
VisualStudioVersion = 17.12.35527.113
MinimumVisualStudioVersion = 10.0.40219.1
Project("{9A19103F-16F7-4668-BE54-9A1E7A4F7556}") = "Toours", "Toours.csproj", "{A308EF08-4E43-4C55-99AE-9864BA0EB6E6}"
EndProject
Project("{9A19103F-16F7-4668-BE54-9A1E7A4F7556}") = "Domain", "..\Domain\Domain.csproj", "{BCF2B09C-3C71-420E-86E4-A472AF7689AF}"
EndProject
Project("{9A19103F-16F7-4668-BE54-9A1E7A4F7556}") = "DataAccess", "..\DataAccess\DataAccess.csproj", "{4219F918-5DB8-4A0F-ABD8-C6A114438A08}"
EndProject
Project("{9A19103F-16F7-4668-BE54-9A1E7A4F7556}") = "BusinessLogic", "..\BusinessLogic\BusinessLogic.csproj", "{DB7F298F-EFE1-4B03-89D7-E5C9E034247F}"
EndProject
Project("{FAE04EC0-301F-11D3-BF4B-00C04F79EFBC}") = "BusinessLogic.Tests", "..\BusinessLogic.Tests\BusinessLogic.Tests.csproj", "{BF9EEAC7-8603-49C7-9C53-CA4C4735F163}"
EndProject
Global
	GlobalSection(SolutionConfigurationPlatforms) = preSolution
		Debug|Any CPU = Debug|Any CPU
		Release|Any CPU = Release|Any CPU
	EndGlobalSection
	GlobalSection(ProjectConfigurationPlatforms) = postSolution
		{A308EF08-4E43-4C55-99AE-9864BA0EB6E6}.Debug|Any CPU.ActiveCfg = Debug|Any CPU
		{A308EF08-4E43-4C55-99AE-9864BA0EB6E6}.Debug|Any CPU.Build.0 = Debug|Any CPU
		{A308EF08-4E43-4C55-99AE-9864BA0EB6E6}.Release|Any CPU.ActiveCfg = Release|Any CPU
		{A308EF08-4E43-4C55-99AE-9864BA0EB6E6}.Release|Any CPU.Build.0 = Release|Any CPU
		{BCF2B09C-3C71-420E-86E4-A472AF7689AF}.Debug|Any CPU.ActiveCfg = Debug|Any CPU
		{BCF2B09C-3C71-420E-86E4-A472AF7689AF}.Debug|Any CPU.Build.0 = Debug|Any CPU
		{BCF2B09C-3C71-420E-86E4-A472AF7689AF}.Release|Any CPU.ActiveCfg = Release|Any CPU
		{BCF2B09C-3C71-420E-86E4-A472AF7689AF}.Release|Any CPU.Build.0 = Release|Any CPU
		{4219F918-5DB8-4A0F-ABD8-C6A114438A08}.Debug|Any CPU.ActiveCfg = Debug|Any CPU
		{4219F918-5DB8-4A0F-ABD8-C6A114438A08}.Debug|Any CPU.Build.0 = Debug|Any CPU
		{4219F918-5DB8-4A0F-ABD8-C6A114438A08}.Release|Any CPU.ActiveCfg = Release|Any CPU
		{4219F918-5DB8-4A0F-ABD8-C6A114438A08}.Release|Any CPU.Build.0 = Release|Any CPU
		{DB7F298F-EFE1-4B03-89D7-E5C9E034247F}.Debug|Any CPU.ActiveCfg = Debug|Any CPU
		{DB7F298F-EFE1-4B03-89D7-E5C9E034247F}.Debug|Any CPU.Build.0 = Debug|Any CPU
		{DB7F298F-EFE1-4B03-89D7-E5C9E034247F}.Release|Any CPU.ActiveCfg = Release|Any CPU
		{DB7F298F-EFE1-4B03-89D7-E5C9E034247F}.Release|Any CPU.Build.0 = Release|Any CPU
		{BF9EEAC7-8603-49C7-9C53-CA4C4735F163}.Debug|Any CPU.ActiveCfg = Debug|Any CPU
		{BF9EEAC7-8603-49C7-9C53-CA4C4735F163}.Debug|Any CPU.Build.0 = Debug|Any CPU
		{BF9EEAC7-8603-49C7-9C53-CA4C4735F163}.Release|Any CPU.ActiveCfg = Release|Any CPU
		{BF9EEAC7-8603-49C7-9C53-CA4C4735F163}.Release|Any CPU.Build.0 = Release|Any CPU
	EndGlobalSection
	GlobalSection(SolutionProperties) = preSolution
		HideSolutionNode = FALSE
	EndGlobalSection
	GlobalSection(ExtensibilityGlobals) = postSolution
		SolutionGuid = {58B9EA56-73A4-4C3F-9F7B-CA17C9805E0E}
	EndGlobalSection
EndGlobal
